<?xml version="1.0" encoding="UTF-8"?>
<Scheme
   version = "1.3">
   <BuildAction>
      <BuildActionEntries>
         <BuildActionEntry
            buildForRunning = "YES">
            <BuildableReference
               BuildableIdentifier = "primary"
               BlueprintIdentifier = "F88436E88F4DF2FDC1FECEB6"
               BuildableName = "ContactListPractice.app"
               BlueprintName = "ContactListPractice"
               ReferencedContainer = "container:ContactListPractice.xcodeproj">
            </BuildableReference>
         </BuildActionEntry>
      </BuildActionEntries>
   </BuildAction>
   <LaunchAction
      useCustomWorkingDirectory = "NO"
      buildConfiguration = "Debug"
      allowLocationSimulation = "YES">
      <BuildableProductRunnable>
         <BuildableReference
            BuildableIdentifier = "primary"
            BlueprintIdentifier = "F88436E88F4DF2FDC1FECEB6"
            BuildableName = "ContactListPractice.app"
            BlueprintName = "ContactListPractice"
            ReferencedContainer = "container:ContactListPractice.xcodeproj">
         </BuildableReference>
      </BuildableProductRunnable>
   </LaunchAction>
</Scheme>
